PATH!
/home/linuxbrew/.linuxbrew/bin
/opt/homebrew/bin
/opt/homebrew/sbin
/Users/alxknt/.bun/bin
/bin
/usr/sbin
/sbin
/var/run/com.apple.security.cryptexd/codex.system/bootstrap/usr/local/bin
/var/run/com.apple.security.cryptexd/codex.system/bootstrap/usr/bin
/var/run/com.apple.security.cryptexd/codex.system/bootstrap/usr/appleinternal/bin
/Library/Apple/usr/bin
/usr/local/share/dotnet
/opt/podman/bin
/Applications/Wireshark.app/Contents/MacOS
/Applications/Ghostty.app/Contents/MacOS

ENV!
